<?xml version="1.0" encoding="utf-8"?>
<Project ToolsVersion="4.0" xmlns="http://schemas.microsoft.com/developer/msbuild/2003">
  <ItemGroup>
    <Filter Include="소스 파일">
      <UniqueIdentifier>{4FC737F1-C7A5-4376-A066-2A32D752A2FF}</UniqueIdentifier>
      <Extensions>cpp;c;cc;cxx;c++;cppm;ixx;def;odl;idl;hpj;bat;asm;asmx</Extensions>
    </Filter>
    <Filter Include="헤더 파일">
      <UniqueIdentifier>{93995380-89BD-4b04-88EB-625FBE52EBFB}</UniqueIdentifier>
      <Extensions>h;hh;hpp;hxx;h++;hm;inl;inc;ipp;xsd</Extensions>
    </Filter>
    <Filter Include="리소스 파일">
      <UniqueIdentifier>{67DA6AB6-F800-4c08-8B7A-83BB121AAD01}</UniqueIdentifier>
      <Extensions>rc;ico;cur;bmp;dlg;rc2;rct;bin;rgs;gif;jpg;jpeg;jpe;resx;tiff;tif;png;wav;mfcribbon-ms</Extensions>
    </Filter>
    <Filter Include="Shaders">
      <UniqueIdentifier>{23d55597-ad8b-42d8-9823-363604114a64}</UniqueIdentifier>
    </Filter>
    <Filter Include="ImGui">
      <UniqueIdentifier>{ba0f7e85-d334-470a-8a7b-2577905c2764}</UniqueIdentifier>
    </Filter>
    <Filter Include="소스 파일\Core">
      <UniqueIdentifier>{a022486d-6017-45ea-892d-d29938cc4fc3}</UniqueIdentifier>
    </Filter>
    <Filter Include="소스 파일\Engine">
      <UniqueIdentifier>{f1f2a947-7cf7-4a2c-9d57-fd86e8632940}</UniqueIdentifier>
    </Filter>
    <Filter Include="소스 파일\Core\Math">
      <UniqueIdentifier>{8a7cccea-8eb2-46c5-bb4b-690623ddfc5f}</UniqueIdentifier>
    </Filter>
    <Filter Include="소스 파일\Core\Object">
      <UniqueIdentifier>{4aae7b4b-e356-4bf7-b60f-4160396339da}</UniqueIdentifier>
    </Filter>
    <Filter Include="소스 파일\Core\Types">
      <UniqueIdentifier>{50339565-3d52-4424-bbd5-3db19e10052f}</UniqueIdentifier>
    </Filter>
    <Filter Include="소스 파일\Engine\Renderer">
      <UniqueIdentifier>{8bd3b291-20a2-46a4-a2d4-75695d2f94b0}</UniqueIdentifier>
    </Filter>
    <Filter Include="소스 파일\Engine\Components">
      <UniqueIdentifier>{c97f44da-9d41-45cc-a280-d939001a656f}</UniqueIdentifier>
    </Filter>
    <Filter Include="소스 파일\Engine\Scene">
      <UniqueIdentifier>{ccfffda4-2401-4ff4-b26d-970b5840a364}</UniqueIdentifier>
    </Filter>
    <Filter Include="소스 파일\Engine\Editor">
      <UniqueIdentifier>{5e51bb81-8d50-4eed-82a5-b76d43560b1b}</UniqueIdentifier>
    </Filter>
    <Filter Include="소스 파일\Engine\Editor\Window">
      <UniqueIdentifier>{6e820ed8-15f6-46f6-aa27-21d394b90f30}</UniqueIdentifier>
    </Filter>
    <Filter Include="소스 파일\Core\Interface">
      <UniqueIdentifier>{d1947a6d-7b40-42c0-8b44-9fdaa68915e2}</UniqueIdentifier>
    </Filter>
    <Filter Include="소스 파일\Core\Font">
      <UniqueIdentifier>{e0102012-7207-4b5a-a3f0-687a5b0de92b}</UniqueIdentifier>
    </Filter>
    <Filter Include="소스 파일\Core\Class">
      <UniqueIdentifier>{3e48e044-df38-4a7d-aaaa-a9ba2c607992}</UniqueIdentifier>
    </Filter>
    <Filter Include="소스 파일\Core\Log">
      <UniqueIdentifier>{dd1cc437-5a01-4058-bd10-a039c60b2e06}</UniqueIdentifier>
    </Filter>
    <Filter Include="소스 파일\Engine\Statics">
      <UniqueIdentifier>{1b133652-913b-46f1-8701-39a9e4d340e2}</UniqueIdentifier>
    </Filter>
    <Filter Include="소스 파일\Core\Input">
      <UniqueIdentifier>{4cf0611d-5136-4074-92a4-02f1561b7b8c}</UniqueIdentifier>
    </Filter>
    <Filter Include="소스 파일\Core\Interface">
      <UniqueIdentifier>{2fc5c07b-ddef-48f0-ac7c-920349793f9d}</UniqueIdentifier>
    </Filter>
  </ItemGroup>
  <ItemGroup>
    <ClInclude Include="Source\Editor\UnrealEd\ObjImporter.h">
      <Filter>헤더 파일</Filter>
    </ClInclude>
    <ClInclude Include="Source\Runtime\Launch\LaunchEngineLoop.h">
      <Filter>헤더 파일</Filter>
    </ClInclude>
    <ClInclude Include="Source\ThirdParty\ImGui\imconfig.h">
      <Filter>헤더 파일</Filter>
    </ClInclude>
    <ClInclude Include="Source\ThirdParty\ImGui\imgui.h">
      <Filter>헤더 파일</Filter>
    </ClInclude>
    <ClInclude Include="Source\ThirdParty\ImGui\imgui_impl_dx11.h">
      <Filter>헤더 파일</Filter>
    </ClInclude>
    <ClInclude Include="Source\ThirdParty\ImGui\imgui_impl_win32.h">
      <Filter>헤더 파일</Filter>
    </ClInclude>
    <ClInclude Include="Source\ThirdParty\ImGui\imgui_internal.h">
      <Filter>헤더 파일</Filter>
    </ClInclude>
    <ClInclude Include="Source\ThirdParty\ImGui\imstb_rectpack.h">
      <Filter>헤더 파일</Filter>
    </ClInclude>
    <ClInclude Include="Source\ThirdParty\ImGui\imstb_textedit.h">
      <Filter>헤더 파일</Filter>
    </ClInclude>
    <ClInclude Include="Source\ThirdParty\ImGui\imstb_truetype.h">
      <Filter>헤더 파일</Filter>
    </ClInclude>
    <ClInclude Include="Source\Runtime\Core\HAL\Platform.h">
      <Filter>헤더 파일</Filter>
    </ClInclude>
    <ClInclude Include="Source\Runtime\Core\Templates\CommonTypes.h">
      <Filter>헤더 파일</Filter>
    </ClInclude>
    <ClInclude Include="Source\Runtime\Core\Templates\UnrealTypes.h">
      <Filter>헤더 파일</Filter>
    </ClInclude>
    <ClInclude Include="Source\Runtime\Windows\D3D11RHI\D3D11Resources.h">
      <Filter>헤더 파일</Filter>
    </ClInclude>
    <ClInclude Include="Source\Runtime\Windows\D3D11RHI\D3D11RHI.h">
      <Filter>헤더 파일</Filter>
    </ClInclude>
    <ClInclude Include="Source\Runtime\Windows\D3D11RHI\D3D11RHIBase.h">
      <Filter>헤더 파일</Filter>
    </ClInclude>
    <ClInclude Include="Source\Runtime\Windows\D3D11RHI\D3D11State.h">
      <Filter>헤더 파일</Filter>
    </ClInclude>
    <ClInclude Include="Source\Runtime\Windows\Window.h">
      <Filter>헤더 파일</Filter>
    </ClInclude>
    <ClInclude Include="Source\Runtime\Core\Misc\Timer.h">
      <Filter>헤더 파일</Filter>
    </ClInclude>
    <ClInclude Include="Source\Runtime\Graphics\GraphicType.h">
      <Filter>헤더 파일</Filter>
    </ClInclude>
    <ClInclude Include="Source\Runtime\Graphics\Renderer\Renderer.h">
      <Filter>헤더 파일</Filter>
    </ClInclude>
    <ClInclude Include="Source\Runtime\Graphics\Shader\BaseShader.h">
      <Filter>헤더 파일</Filter>
    </ClInclude>
    <ClInclude Include="Source\Runtime\Graphics\Shader\ShaderManager.h">
      <Filter>헤더 파일</Filter>
    </ClInclude>
    <ClInclude Include="Source\Runtime\Windows\D3D11RHI\D3D11Shader.h">
      <Filter>헤더 파일</Filter>
    </ClInclude>
  </ItemGroup>
  <ItemGroup>
    <ClCompile Include="Source\Runtime\Launch\LaunchEngineLoop.cpp">
      <Filter>소스 파일</Filter>
    </ClCompile>
    <ClCompile Include="Source\Runtime\Launch\Launch.cpp">
      <Filter>소스 파일</Filter>
    </ClCompile>
    <ClCompile Include="Source\ThirdParty\ImGui\imgui.cpp">
      <Filter>소스 파일</Filter>
    </ClCompile>
    <ClCompile Include="Source\ThirdParty\ImGui\imgui_demo.cpp">
      <Filter>소스 파일</Filter>
    </ClCompile>
    <ClCompile Include="Source\ThirdParty\ImGui\imgui_draw.cpp">
      <Filter>소스 파일</Filter>
    </ClCompile>
    <ClCompile Include="Source\ThirdParty\ImGui\imgui_impl_dx11.cpp">
      <Filter>소스 파일</Filter>
    </ClCompile>
    <ClCompile Include="Source\ThirdParty\ImGui\imgui_impl_win32.cpp">
      <Filter>소스 파일</Filter>
    </ClCompile>
    <ClCompile Include="Source\ThirdParty\ImGui\imgui_tables.cpp">
      <Filter>소스 파일</Filter>
    </ClCompile>
    <ClCompile Include="Source\ThirdParty\ImGui\imgui_widgets.cpp">
      <Filter>소스 파일</Filter>
    </ClCompile>
    <ClCompile Include="Source\Runtime\Windows\D3D11RHI\D3D11RHI.cpp">
      <Filter>소스 파일</Filter>
    </ClCompile>
    <ClCompile Include="Source\Runtime\Windows\Window.cpp">
      <Filter>소스 파일</Filter>
    </ClCompile>
    <ClCompile Include="Source\Runtime\Core\Misc\Timer.cpp">
      <Filter>소스 파일</Filter>
    </ClCompile>
    <ClCompile Include="Source\Runtime\Graphics\Renderer\Renderer.cpp">
      <Filter>소스 파일</Filter>
    </ClCompile>
    <ClCompile Include="Source\Runtime\Graphics\Shader\BaseShader.cpp">
      <Filter>소스 파일</Filter>
    </ClCompile>
    <ClCompile Include="Source\Runtime\Graphics\Shader\ShaderManager.cpp">
      <Filter>소스 파일</Filter>
    </ClCompile>
  </ItemGroup>
</Project>